
Microsoft Visual Studio Solution File, Format Version 12.00
# Visual Studio Version 16
VisualStudioVersion = 16.0.31729.503
MinimumVisualStudioVersion = 10.0.40219.1
Project("{FAE04EC0-301F-11D3-BF4B-00C04F79EFBC}") = "Online Store", "Online Store\Online Store.csproj", "{39EC8BE6-D8C0-4A3A-AAD7-D86782214378}"
EndProject
Global
	GlobalSection(SolutionConfigurationPlatforms) = preSolution
		Debug|Any CPU = Debug|Any CPU
		Release|Any CPU = Release|Any CPU
	EndGlobalSection
	GlobalSection(ProjectConfigurationPlatforms) = postSolution
		{39EC8BE6-D8C0-4A3A-AAD7-D86782214378}.Debug|Any CPU.ActiveCfg = Debug|Any CPU
		{39EC8BE6-D8C0-4A3A-AAD7-D86782214378}.Debug|Any CPU.Build.0 = Debug|Any CPU
		{39EC8BE6-D8C0-4A3A-AAD7-D86782214378}.Release|Any CPU.ActiveCfg = Release|Any CPU
		{39EC8BE6-D8C0-4A3A-AAD7-D86782214378}.Release|Any CPU.Build.0 = Release|Any CPU
	EndGlobalSection
	GlobalSection(SolutionProperties) = preSolution
		HideSolutionNode = FALSE
	EndGlobalSection
	GlobalSection(ExtensibilityGlobals) = postSolution
		SolutionGuid = {AD4235B3-6602-4933-A907-FFD418FC49DA}
	EndGlobalSection
EndGlobal
